#MicroXplorer Configuration settings - do not modify
Mcu.Family=STM32F4
RCC.PLLSourceVirtual=RCC_PLLSOURCE_HSE
TIM10.Prescaler=8400-1
ProjectManager.MainLocation=Core/Src
PC15-OSC32_OUT.Mode=LSE-External-Oscillator
VP_TIM10_VS_ClockSourceINT.Signal=TIM10_VS_ClockSourceINT
ProjectManager.ProjectFileName=TemplateMPU6050.ioc
PH0-OSC_IN.Signal=RCC_OSC_IN
RCC.CortexFreq_Value=168000000
ProjectManager.KeepUserCode=true
Mcu.UserName=STM32F407ZGTx
PA10.Mode=Asynchronous
Mcu.PinsNb=12
ProjectManager.NoMain=false
PA10.GPIO_PuPd=GPIO_PULLUP
RCC.PLLCLKFreq_Value=168000000
RCC.PLLQCLKFreq_Value=84000000
ProjectManager.functionlistsort=1-MX_GPIO_Init-GPIO-false-HAL-true,2-SystemClock_Config-RCC-false-HAL-false,3-MX_I2C1_Init-I2C1-false-HAL-true,4-MX_TIM10_Init-TIM10-false-HAL-true,5-MX_USART1_UART_Init-USART1-false-HAL-true,6-MX_TIM13_Init-TIM13-false-HAL-true
PA9.GPIOParameters=GPIO_PuPd
RCC.RTCFreq_Value=32000
ProjectManager.DefaultFWLocation=true
PF9.GPIO_Speed=GPIO_SPEED_FREQ_HIGH
ProjectManager.DeletePrevious=true
USART1.IPParameters=VirtualMode
RCC.APB1CLKDivider=RCC_HCLK_DIV4
PC14-OSC32_IN.Signal=RCC_OSC32_IN
PA9.GPIO_PuPd=GPIO_PULLUP
PinOutPanel.RotationAngle=0
TIM13.AutoReloadPreload=TIM_AUTORELOAD_PRELOAD_ENABLE
RCC.FamilyName=M
RCC.SYSCLKSource=RCC_SYSCLKSOURCE_PLLCLK
ProjectManager.StackSize=0x400
Mcu.IP4=TIM10
RCC.FCLKCortexFreq_Value=168000000
Mcu.IP5=TIM13
NVIC.SVCall_IRQn=true\:0\:0\:false\:false\:true\:false\:false
Mcu.IP2=RCC
Mcu.IP3=SYS
Mcu.IP0=I2C1
PA9.Mode=Asynchronous
Mcu.IP1=NVIC
Mcu.UserConstants=
PF9.Locked=true
ProjectManager.TargetToolchain=STM32CubeIDE
Mcu.ThirdPartyNb=0
PF9.PinState=GPIO_PIN_SET
RCC.HCLKFreq_Value=168000000
Mcu.IPNb=7
RCC.I2SClocksFreq_Value=192000000
ProjectManager.PreviousToolchain=
PB9.Mode=I2C
RCC.APB2TimFreq_Value=168000000
PA9.Signal=USART1_TX
VP_TIM10_VS_ClockSourceINT.Mode=Enable_Timer
RCC.VcooutputI2S=192000000
PB9.Locked=true
Mcu.Pin6=PA10
Mcu.Pin7=PB8
ProjectManager.RegisterCallBack=
Mcu.Pin8=PB9
PF9.GPIO_Label=LED0
Mcu.Pin9=VP_SYS_VS_Systick
PC15-OSC32_OUT.Signal=RCC_OSC32_OUT
RCC.AHBFreq_Value=168000000
PH0-OSC_IN.Mode=HSE-External-Oscillator
Mcu.Pin0=PC14-OSC32_IN
Mcu.Pin1=PC15-OSC32_OUT
GPIO.groupedBy=Group By Peripherals
Mcu.Pin2=PF9
TIM13.IPParameters=Prescaler,Period,AutoReloadPreload
Mcu.Pin3=PH0-OSC_IN
Mcu.Pin4=PH1-OSC_OUT
RCC.VCOI2SOutputFreq_Value=384000000
Mcu.Pin5=PA9
TIM10.AutoReloadPreload=TIM_AUTORELOAD_PRELOAD_ENABLE
ProjectManager.ProjectBuild=false
RCC.HSE_VALUE=8000000
NVIC.UsageFault_IRQn=true\:0\:0\:false\:false\:true\:false\:false
NVIC.DebugMonitor_IRQn=true\:0\:0\:false\:false\:true\:false\:false
board=custom
RCC.VCOOutputFreq_Value=336000000
TIM13.Period=5*5000-1
NVIC.SysTick_IRQn=true\:0\:0\:false\:false\:true\:false\:true
ProjectManager.LastFirmware=true
TIM10.Period=5000-1
ProjectManager.FirmwarePackage=STM32Cube FW_F4 V1.26.0
MxDb.Version=DB.6.0.20
VP_TIM13_VS_ClockSourceINT.Mode=Enable_Timer
RCC.APB2Freq_Value=84000000
ProjectManager.BackupPrevious=false
MxCube.Version=6.2.0
PC14-OSC32_IN.Mode=LSE-External-Oscillator
RCC.VCOInputFreq_Value=2000000
TIM13.Prescaler=4*8400-1
File.Version=6
PA10.GPIOParameters=GPIO_PuPd
VP_SYS_VS_Systick.Mode=SysTick
RCC.EthernetFreq_Value=168000000
PH1-OSC_OUT.Signal=RCC_OSC_OUT
NVIC.NonMaskableInt_IRQn=true\:0\:0\:false\:false\:true\:false\:false
PB8.Locked=true
NVIC.PendSV_IRQn=true\:0\:0\:false\:false\:true\:false\:false
ProjectManager.FreePins=false
RCC.IPParameters=48MHZClocksFreq_Value,AHBFreq_Value,APB1CLKDivider,APB1Freq_Value,APB1TimFreq_Value,APB2CLKDivider,APB2Freq_Value,APB2TimFreq_Value,CortexFreq_Value,EthernetFreq_Value,FCLKCortexFreq_Value,FamilyName,HCLKFreq_Value,HSE_VALUE,HSI_VALUE,I2SClocksFreq_Value,LSI_VALUE,MCO2PinFreq_Value,PLLCLKFreq_Value,PLLM,PLLN,PLLQCLKFreq_Value,PLLSourceVirtual,RTCFreq_Value,RTCHSEDivFreq_Value,SYSCLKFreq_VALUE,SYSCLKSource,VCOI2SOutputFreq_Value,VCOInputFreq_Value,VCOOutputFreq_Value,VcooutputI2S
ProjectManager.AskForMigrate=true
Mcu.Name=STM32F407Z(E-G)Tx
PF9.GPIOParameters=GPIO_Speed,PinState,GPIO_PuPd,GPIO_Label,GPIO_ModeDefaultOutputPP
ProjectManager.HalAssertFull=false
RCC.RTCHSEDivFreq_Value=4000000
ProjectManager.ProjectName=TemplateMPU6050
ProjectManager.UnderRoot=true
Mcu.IP6=USART1
ProjectManager.CoupleFile=false
PH1-OSC_OUT.Mode=HSE-External-Oscillator
RCC.48MHZClocksFreq_Value=84000000
RCC.MCO2PinFreq_Value=168000000
RCC.SYSCLKFreq_VALUE=168000000
Mcu.Package=LQFP144
PB9.Signal=I2C1_SDA
NVIC.ForceEnableDMAVector=true
KeepUserPlacement=false
NVIC.MemoryManagement_IRQn=true\:0\:0\:false\:false\:true\:false\:false
USART1.VirtualMode=VM_ASYNC
ProjectManager.CompilerOptimize=6
ProjectManager.ToolChainLocation=
RCC.LSI_VALUE=32000
VP_SYS_VS_Systick.Signal=SYS_VS_Systick
PA10.Signal=USART1_RX
ProjectManager.HeapSize=0x200
VP_TIM13_VS_ClockSourceINT.Signal=TIM13_VS_ClockSourceINT
NVIC.HardFault_IRQn=true\:0\:0\:false\:false\:true\:false\:false
NVIC.TIM1_UP_TIM10_IRQn=true\:2\:1\:true\:true\:true\:1\:true\:true
ProjectManager.ComputerToolchain=false
PF9.Signal=GPIO_Output
RCC.HSI_VALUE=16000000
NVIC.TIM8_UP_TIM13_IRQn=true\:3\:1\:true\:true\:true\:2\:true\:true
PF9.GPIO_ModeDefaultOutputPP=GPIO_MODE_OUTPUT_PP
NVIC.PriorityGroup=NVIC_PRIORITYGROUP_2
RCC.APB2CLKDivider=RCC_HCLK_DIV2
Mcu.Pin11=VP_TIM13_VS_ClockSourceINT
RCC.PLLM=4
PB8.Mode=I2C
RCC.PLLN=168
Mcu.Pin10=VP_TIM10_VS_ClockSourceINT
RCC.APB1TimFreq_Value=84000000
PB8.Signal=I2C1_SCL
NVIC.BusFault_IRQn=true\:0\:0\:false\:false\:true\:false\:false
PF9.GPIO_PuPd=GPIO_PULLUP
RCC.APB1Freq_Value=42000000
TIM10.IPParameters=Prescaler,Period,AutoReloadPreload
ProjectManager.CustomerFirmwarePackage=
ProjectManager.DeviceId=STM32F407ZGTx
ProjectManager.LibraryCopy=1
isbadioc=false
